// !$*UTF8*$!
{
	archiveVersion = 1;
	classes = {
	};
	objectVersion = 50;
	objects = {

/* Begin PBXBuildFile section */
		356E8B1D2245810F00B849F6 /* AppDelegate.swift in Sources */ = {isa = PBXBuildFile; fileRef = 356E8B1C2245810F00B849F6 /* AppDelegate.swift */; };
		356E8B1F2245810F00B849F6 /* ViewController.swift in Sources */ = {isa = PBXBuildFile; fileRef = 356E8B1E2245810F00B849F6 /* ViewController.swift */; };
		356E8B222245810F00B849F6 /* Main.storyboard in Resources */ = {isa = PBXBuildFile; fileRef = 356E8B202245810F00B849F6 /* Main.storyboard */; };
		356E8B242245811000B849F6 /* Assets.xcassets in Resources */ = {isa = PBXBuildFile; fileRef = 356E8B232245811000B849F6 /* Assets.xcassets */; };
		356E8B272245811000B849F6 /* LaunchScreen.storyboard in Resources */ = {isa = PBXBuildFile; fileRef = 356E8B252245811000B849F6 /* LaunchScreen.storyboard */; };
		356E8B2F22458E7000B849F6 /* InternetViewController.swift in Sources */ = {isa = PBXBuildFile; fileRef = 356E8B2E22458E7000B849F6 /* InternetViewController.swift */; };
/* End PBXBuildFile section */

/* Begin PBXFileReference section */
		356E8B192245810F00B849F6 /* Laboratorio_4.app */ = {isa = PBXFileReference; explicitFileType = wrapper.application; includeInIndex = 0; path = Laboratorio_4.app; sourceTree = BUILT_PRODUCTS_DIR; };
		356E8B1C2245810F00B849F6 /* AppDelegate.swift */ = {isa = PBXFileReference; lastKnownFileType = sourcecode.swift; path = AppDelegate.swift; sourceTree = "<group>"; };
		356E8B1E2245810F00B849F6 /* ViewController.swift */ = {isa = PBXFileReference; lastKnownFileType = sourcecode.swift; path = ViewController.swift; sourceTree = "<group>"; };
		356E8B212245810F00B849F6 /* Base */ = {isa = PBXFileReference; lastKnownFileType = file.storyboard; name = Base; path = Base.lproj/Main.storyboard; sourceTree = "<group>"; };
		356E8B232245811000B849F6 /* Assets.xcassets */ = {isa = PBXFileReference; lastKnownFileType = folder.assetcatalog; path = Assets.xcassets; sourceTree = "<group>"; };
		356E8B262245811000B849F6 /* Base */ = {isa = PBXFileReference; lastKnownFileType = file.storyboard; name = Base; path = Base.lproj/LaunchScreen.storyboard; sourceTree = "<group>"; };
		356E8B282245811000B849F6 /* Info.plist */ = {isa = PBXFileReference; lastKnownFileType = text.plist.xml; path = Info.plist; sourceTree = "<group>"; };
		356E8B2E22458E7000B849F6 /* InternetViewController.swift */ = {isa = PBXFileReference; lastKnownFileType = sourcecode.swift; path = InternetViewController.swift; sourceTree = "<group>"; };
/* End PBXFileReference section */

/* Begin PBXFrameworksBuildPhase section */
		356E8B162245810F00B849F6 /* Frameworks */ = {
			isa = PBXFrameworksBuildPhase;
			buildActionMask = 2147483647;
			files = (
			);
			runOnlyForDeploymentPostprocessing = 0;
		};
/* End PBXFrameworksBuildPhase section */

/* Begin PBXGroup section */
		356E8B102245810F00B849F6 = {
			isa = PBXGroup;
			children = (
				356E8B1B2245810F00B849F6 /* Laboratorio_4 */,
				356E8B1A2245810F00B849F6 /* Products */,
			);
			sourceTree = "<group>";
		};
		356E8B1A2245810F00B849F6 /* Products */ = {
			isa = PBXGroup;
			children = (
				356E8B192245810F00B849F6 /* Laboratorio_4.app */,
			);
			name = Products;
			sourceTree = "<group>";
		};
		356E8B1B2245810F00B849F6 /* Laboratorio_4 */ = {
			isa = PBXGroup;
			children = (
				356E8B1C2245810F00B849F6 /* AppDelegate.swift */,
				356E8B1E2245810F00B849F6 /* ViewController.swift */,
				356E8B202245810F00B849F6 /* Main.storyboard */,
				356E8B2E22458E7000B849F6 /* InternetViewController.swift */,
				356E8B232245811000B849F6 /* Assets.xcassets */,
				356E8B252245811000B849F6 /* LaunchScreen.storyboard */,
				356E8B282245811000B849F6 /* Info.plist */,
			);
			path = Laboratorio_4;
			sourceTree = "<group>";
		};
/* End PBXGroup section */

/* Begin PBXNativeTarget section */
		356E8B182245810F00B849F6 /* Laboratorio_4 */ = {
			isa = PBXNativeTarget;
			buildConfigurationList = 356E8B2B2245811000B849F6 /* Build configuration list for PBXNativeTarget "Laboratorio_4" */;
			buildPhases = (
				356E8B152245810F00B849F6 /* Sources */,
				356E8B162245810F00B849F6 /* Frameworks */,
				356E8B172245810F00B849F6 /* Resources */,
			);
			buildRules = (
			);
			dependencies = (
			);
			name = Laboratorio_4;
			productName = Laboratorio_4;
			productReference = 356E8B192245810F00B849F6 /* Laboratorio_4.app */;
			productType = "com.apple.product-type.application";
		};
/* End PBXNativeTarget section */

/* Begin PBXProject section */
		356E8B112245810F00B849F6 /* Project object */ = {
			isa = PBXProject;
			attributes = {
				LastSwiftUpdateCheck = 0940;
				LastUpgradeCheck = 0940;
				ORGANIZATIONNAME = Tecsup;
				TargetAttributes = {
					356E8B182245810F00B849F6 = {
						CreatedOnToolsVersion = 9.4.1;
					};
				};
			};
			buildConfigurationList = 356E8B142245810F00B849F6 /* Build configuration list for PBXProject "Laboratorio_4" */;
			compatibilityVersion = "Xcode 9.3";
			developmentRegion = en;
			hasScannedForEncodings = 0;
			knownRegions = (
				en,
				Base,
			);
			mainGroup = 356E8B102245810F00B849F6;
			productRefGroup = 356E8B1A2245810F00B849F6 /* Products */;
			projectDirPath = "";
			projectRoot = "";
			targets = (
				356E8B182245810F00B849F6 /* Laboratorio_4 */,
			);
		};
/* End PBXProject section */

/* Begin PBXResourcesBuildPhase section */
		356E8B172245810F00B849F6 /* Resources */ = {
			isa = PBXResourcesBuildPhase;
			buildActionMask = 2147483647;
			files = (
				356E8B272245811000B849F6 /* LaunchScreen.storyboard in Resources */,
				356E8B242245811000B849F6 /* Assets.xcassets in Resources */,
				356E8B222245810F00B849F6 /* Main.storyboard in Resources */,
			);
			runOnlyForDeploymentPostprocessing = 0;
		};
/* End PBXResourcesBuildPhase section */

/* Begin PBXSourcesBuildPhase section */
		356E8B152245810F00B849F6 /* Sources */ = {
			isa = PBXSourcesBuildPhase;
			buildActionMask = 2147483647;
			files = (
				356E8B2F22458E7000B849F6 /* InternetViewController.swift in Sources */,
				356E8B1F2245810F00B849F6 /* ViewController.swift in Sources */,
				356E8B1D2245810F00B849F6 /* AppDelegate.swift in Sources */,
			);
			runOnlyForDeploymentPostprocessing = 0;
		};
/* End PBXSourcesBuildPhase section */

/* Begin PBXVariantGroup section */
		356E8B202245810F00B849F6 /* Main.storyboard */ = {
			isa = PBXVariantGroup;
			children = (
				356E8B212245810F00B849F6 /* Base */,
			);
			name = Main.storyboard;
			sourceTree = "<group>";
		};
		356E8B252245811000B849F6 /* LaunchScreen.storyboard */ = {
			isa = PBXVariantGroup;
			children = (
				356E8B262245811000B849F6 /* Base */,
			);
			name = LaunchScreen.storyboard;
			sourceTree = "<group>";
		};
/* End PBXVariantGroup section */

/* Begin XCBuildConfiguration section */
		356E8B292245811000B849F6 /* Debug */ = {
			isa = XCBuildConfiguration;
			buildSettings = {
				ALWAYS_SEARCH_USER_PATHS = NO;
				CLANG_ANALYZER_NONNULL = YES;
				CLANG_ANALYZER_NUMBER_OBJECT_CONVERSION = YES_AGGRESSIVE;
				CLANG_CXX_LANGUAGE_STANDARD = "gnu++14";
				CLANG_CXX_LIBRARY = "libc++";
				CLANG_ENABLE_MODULES = YES;
				CLANG_ENABLE_OBJC_ARC = YES;
				CLANG_ENABLE_OBJC_WEAK = YES;
				CLANG_WARN_BLOCK_CAPTURE_AUTORELEASING = YES;
				CLANG_WARN_BOOL_CONVERSION = YES;
				CLANG_WARN_COMMA = YES;
				CLANG_WARN_CONSTANT_CONVERSION = YES;
				CLANG_WARN_DEPRECATED_OBJC_IMPLEMENTATIONS = YES;
				CLANG_WARN_DIRECT_OBJC_ISA_USAGE = YES_ERROR;
				CLANG_WARN_DOCUMENTATION_COMMENTS = YES;
				CLANG_WARN_EMPTY_BODY = YES;
				CLANG_WARN_ENUM_CONVERSION = YES;
				CLANG_WARN_INFINITE_RECURSION = YES;
				CLANG_WARN_INT_CONVERSION = YES;
				CLANG_WARN_NON_LITERAL_NULL_CONVERSION = YES;
				CLANG_WARN_OBJC_IMPLICIT_RETAIN_SELF = YES;
				CLANG_WARN_OBJC_LITERAL_CONVERSION = YES;
				CLANG_WARN_OBJC_ROOT_CLASS = YES_ERROR;
				CLANG_WARN_RANGE_LOOP_ANALYSIS = YES;
				CLANG_WARN_STRICT_PROTOTYPES = YES;
				CLANG_WARN_SUSPICIOUS_MOVE = YES;
				CLANG_WARN_UNGUARDED_AVAILABILITY = YES_AGGRESSIVE;
				CLANG_WARN_UNREACHABLE_CODE = YES;
				CLANG_WARN__DUPLICATE_METHOD_MATCH = YES;
				CODE_SIGN_IDENTITY = "iPhone Developer";
				COPY_PHASE_STRIP = NO;
				DEBUG_INFORMATION_FORMAT = dwarf;
				ENABLE_STRICT_OBJC_MSGSEND = YES;
				ENABLE_TESTABILITY = YES;
				GCC_C_LANGUAGE_STANDARD = gnu11;
				GCC_DYNAMIC_NO_PIC = NO;
				GCC_NO_COMMON_BLOCKS = YES;
				GCC_OPTIMIZATION_LEVEL = 0;
				GCC_PREPROCESSOR_DEFINITIONS = (
					"DEBUG=1",
					"$(inherited)",
				);
				GCC_WARN_64_TO_32_BIT_CONVERSION = YES;
				GCC_WARN_ABOUT_RETURN_TYPE = YES_ERROR;
				GCC_WARN_UNDECLARED_SELECTOR = YES;
				GCC_WARN_UNINITIALIZED_AUTOS = YES_AGGRESSIVE;
				GCC_WARN_UNUSED_FUNCTION = YES;
				GCC_WARN_UNUSED_VARIABLE = YES;
				IPHONEOS_DEPLOYMENT_TARGET = 11.4;
				MTL_ENABLE_DEBUG_INFO = YES;
				ONLY_ACTIVE_ARCH = YES;
				SDKROOT = iphoneos;
				SWIFT_ACTIVE_COMPILATION_CONDITIONS = DEBUG;
				SWIFT_OPTIMIZATION_LEVEL = "-Onone";
			};
			name = Debug;
		};
		356E8B2A2245811000B849F6 /* Release */ = {
			isa = XCBuildConfiguration;
			buildSettings = {
				ALWAYS_SEARCH_USER_PATHS = NO;
				CLANG_ANALYZER_NONNULL = YES;
				CLANG_ANALYZER_NUMBER_OBJECT_CONVERSION = YES_AGGRESSIVE;
				CLANG_CXX_LANGUAGE_STANDARD = "gnu++14";
				CLANG_CXX_LIBRARY = "libc++";
				CLANG_ENABLE_MODULES = YES;
				CLANG_ENABLE_OBJC_ARC = YES;
				CLANG_ENABLE_OBJC_WEAK = YES;
				CLANG_WARN_BLOCK_CAPTURE_AUTORELEASING = YES;
				CLANG_WARN_BOOL_CONVERSION = YES;
				CLANG_WARN_COMMA = YES;
				CLANG_WARN_CONSTANT_CONVERSION = YES;
				CLANG_WARN_DEPRECATED_OBJC_IMPLEMENTATIONS = YES;
				CLANG_WARN_DIRECT_OBJC_ISA_USAGE = YES_ERROR;
				CLANG_WARN_DOCUMENTATION_COMMENTS = YES;
				CLANG_WARN_EMPTY_BODY = YES;
				CLANG_WARN_ENUM_CONVERSION = YES;
				CLANG_WARN_INFINITE_RECURSION = YES;
				CLANG_WARN_INT_CONVERSION = YES;
				CLANG_WARN_NON_LITERAL_NULL_CONVERSION = YES;
				CLANG_WARN_OBJC_IMPLICIT_RETAIN_SELF = YES;
				CLANG_WARN_OBJC_LITERAL_CONVERSION = YES;
				CLANG_WARN_OBJC_ROOT_CLASS = YES_ERROR;
				CLANG_WARN_RANGE_LOOP_ANALYSIS = YES;
				CLANG_WARN_STRICT_PROTOTYPES = YES;
				CLANG_WARN_SUSPICIOUS_MOVE = YES;
				CLANG_WARN_UNGUARDED_AVAILABILITY = YES_AGGRESSIVE;
				CLANG_WARN_UNREACHABLE_CODE = YES;
				CLANG_WARN__DUPLICATE_METHOD_MATCH = YES;
				CODE_SIGN_IDENTITY = "iPhone Developer";
				COPY_PHASE_STRIP = NO;
				DEBUG_INFORMATION_FORMAT = "dwarf-with-dsym";
				ENABLE_NS_ASSERTIONS = NO;
				ENABLE_STRICT_OBJC_MSGSEND = YES;
				GCC_C_LANGUAGE_STANDARD = gnu11;
				GCC_NO_COMMON_BLOCKS = YES;
				GCC_WARN_64_TO_32_BIT_CONVERSION = YES;
				GCC_WARN_ABOUT_RETURN_TYPE = YES_ERROR;
				GCC_WARN_UNDECLARED_SELECTOR = YES;
				GCC_WARN_UNINITIALIZED_AUTOS = YES_AGGRESSIVE;
				GCC_WARN_UNUSED_FUNCTION = YES;
				GCC_WARN_UNUSED_VARIABLE = YES;
				IPHONEOS_DEPLOYMENT_TARGET = 11.4;
				MTL_ENABLE_DEBUG_INFO = NO;
				SDKROOT = iphoneos;
				SWIFT_COMPILATION_MODE = wholemodule;
				SWIFT_OPTIMIZATION_LEVEL = "-O";
				VALIDATE_PRODUCT = YES;
			};
			name = Release;
		};
		356E8B2C2245811000B849F6 /* Debug */ = {
			isa = XCBuildConfiguration;
			buildSettings = {
				ASSETCATALOG_COMPILER_APPICON_NAME = AppIcon;
				CODE_SIGN_STYLE = Automatic;
				DEVELOPMENT_TEAM = 269597JAL6;
				INFOPLIST_FILE = Laboratorio_4/Info.plist;
				LD_RUNPATH_SEARCH_PATHS = (
					"$(inherited)",
					"@executable_path/Frameworks",
				);
				PRODUCT_BUNDLE_IDENTIFIER = "com.tecsup.Laboratorio-4";
				PRODUCT_NAME = "$(TARGET_NAME)";
				SWIFT_VERSION = 4.0;
				TARGETED_DEVICE_FAMILY = "1,2";
			};
			name = Debug;
		};
		356E8B2D2245811000B849F6 /* Release */ = {
			isa = XCBuildConfiguration;
			buildSettings = {
				ASSETCATALOG_COMPILER_APPICON_NAME = AppIcon;
				CODE_SIGN_STYLE = Automatic;
				DEVELOPMENT_TEAM = 269597JAL6;
				INFOPLIST_FILE = Laboratorio_4/Info.plist;
				LD_RUNPATH_SEARCH_PATHS = (
					"$(inherited)",
					"@executable_path/Frameworks",
				);
				PRODUCT_BUNDLE_IDENTIFIER = "com.tecsup.Laboratorio-4";
				PRODUCT_NAME = "$(TARGET_NAME)";
				SWIFT_VERSION = 4.0;
				TARGETED_DEVICE_FAMILY = "1,2";
			};
			name = Release;
		};
/* End XCBuildConfiguration section */

/* Begin XCConfigurationList section */
		356E8B142245810F00B849F6 /* Build configuration list for PBXProject "Laboratorio_4" */ = {
			isa = XCConfigurationList;
			buildConfigurations = (
				356E8B292245811000B849F6 /* Debug */,
				356E8B2A2245811000B849F6 /* Release */,
			);
			defaultConfigurationIsVisible = 0;
			defaultConfigurationName = Release;
		};
		356E8B2B2245811000B849F6 /* Build configuration list for PBXNativeTarget "Laboratorio_4" */ = {
			isa = XCConfigurationList;
			buildConfigurations = (
				356E8B2C2245811000B849F6 /* Debug */,
				356E8B2D2245811000B849F6 /* Release */,
			);
			defaultConfigurationIsVisible = 0;
			defaultConfigurationName = Release;
		};
/* End XCConfigurationList section */
	};
	rootObject = 356E8B112245810F00B849F6 /* Project object */;
}
